// !$*UTF8*$!
{
	archiveVersion = 1;
	classes = {
	};
	objectVersion = 48;
	objects = {

/* Begin PBXBuildFile section */
		BBAD07CB20187960005BAD6F /* AppDelegate.m in Sources */ = {isa = PBXBuildFile; fileRef = BBAD07CA20187960005BAD6F /* AppDelegate.m */; };
		BBAD07CE20187960005BAD6F /* FirstViewController.m in Sources */ = {isa = PBXBuildFile; fileRef = BBAD07CD20187960005BAD6F /* FirstViewController.m */; };
		BBAD07D120187960005BAD6F /* SecondViewController.m in Sources */ = {isa = PBXBuildFile; fileRef = BBAD07D020187960005BAD6F /* SecondViewController.m */; };
		BBAD07D420187960005BAD6F /* Main.storyboard in Resources */ = {isa = PBXBuildFile; fileRef = BBAD07D220187960005BAD6F /* Main.storyboard */; };
		BBAD07D620187960005BAD6F /* Assets.xcassets in Resources */ = {isa = PBXBuildFile; fileRef = BBAD07D520187960005BAD6F /* Assets.xcassets */; };
		BBAD07D920187961005BAD6F /* LaunchScreen.storyboard in Resources */ = {isa = PBXBuildFile; fileRef = BBAD07D720187961005BAD6F /* LaunchScreen.storyboard */; };
		BBAD07DC20187961005BAD6F /* main.m in Sources */ = {isa = PBXBuildFile; fileRef = BBAD07DB20187961005BAD6F /* main.m */; };
/* End PBXBuildFile section */

/* Begin PBXFileReference section */
		BBAD07C62018795F005BAD6F /* ImmoviewerMADVentureDemo.app */ = {isa = PBXFileReference; explicitFileType = wrapper.application; includeInIndex = 0; path = ImmoviewerMADVentureDemo.app; sourceTree = BUILT_PRODUCTS_DIR; };
		BBAD07C920187960005BAD6F /* AppDelegate.h */ = {isa = PBXFileReference; lastKnownFileType = sourcecode.c.h; path = AppDelegate.h; sourceTree = "<group>"; };
		BBAD07CA20187960005BAD6F /* AppDelegate.m */ = {isa = PBXFileReference; lastKnownFileType = sourcecode.c.objc; path = AppDelegate.m; sourceTree = "<group>"; };
		BBAD07CC20187960005BAD6F /* FirstViewController.h */ = {isa = PBXFileReference; lastKnownFileType = sourcecode.c.h; path = FirstViewController.h; sourceTree = "<group>"; };
		BBAD07CD20187960005BAD6F /* FirstViewController.m */ = {isa = PBXFileReference; lastKnownFileType = sourcecode.c.objc; path = FirstViewController.m; sourceTree = "<group>"; };
		BBAD07CF20187960005BAD6F /* SecondViewController.h */ = {isa = PBXFileReference; lastKnownFileType = sourcecode.c.h; path = SecondViewController.h; sourceTree = "<group>"; };
		BBAD07D020187960005BAD6F /* SecondViewController.m */ = {isa = PBXFileReference; lastKnownFileType = sourcecode.c.objc; path = SecondViewController.m; sourceTree = "<group>"; };
		BBAD07D320187960005BAD6F /* Base */ = {isa = PBXFileReference; lastKnownFileType = file.storyboard; name = Base; path = Base.lproj/Main.storyboard; sourceTree = "<group>"; };
		BBAD07D520187960005BAD6F /* Assets.xcassets */ = {isa = PBXFileReference; lastKnownFileType = folder.assetcatalog; path = Assets.xcassets; sourceTree = "<group>"; };
		BBAD07D820187961005BAD6F /* Base */ = {isa = PBXFileReference; lastKnownFileType = file.storyboard; name = Base; path = Base.lproj/LaunchScreen.storyboard; sourceTree = "<group>"; };
		BBAD07DA20187961005BAD6F /* Info.plist */ = {isa = PBXFileReference; lastKnownFileType = text.plist.xml; path = Info.plist; sourceTree = "<group>"; };
		BBAD07DB20187961005BAD6F /* main.m */ = {isa = PBXFileReference; lastKnownFileType = sourcecode.c.objc; path = main.m; sourceTree = "<group>"; };
/* End PBXFileReference section */

/* Begin PBXFrameworksBuildPhase section */
		BBAD07C32018795F005BAD6F /* Frameworks */ = {
			isa = PBXFrameworksBuildPhase;
			buildActionMask = 2147483647;
			files = (
			);
			runOnlyForDeploymentPostprocessing = 0;
		};
/* End PBXFrameworksBuildPhase section */

/* Begin PBXGroup section */
		BBAD07BD2018795E005BAD6F = {
			isa = PBXGroup;
			children = (
				BBAD07C820187960005BAD6F /* ImmoviewerMADVentureDemo */,
				BBAD07C72018795F005BAD6F /* Products */,
			);
			sourceTree = "<group>";
		};
		BBAD07C72018795F005BAD6F /* Products */ = {
			isa = PBXGroup;
			children = (
				BBAD07C62018795F005BAD6F /* ImmoviewerMADVentureDemo.app */,
			);
			name = Products;
			sourceTree = "<group>";
		};
		BBAD07C820187960005BAD6F /* ImmoviewerMADVentureDemo */ = {
			isa = PBXGroup;
			children = (
				BBAD07C920187960005BAD6F /* AppDelegate.h */,
				BBAD07CA20187960005BAD6F /* AppDelegate.m */,
				BBAD07CC20187960005BAD6F /* FirstViewController.h */,
				BBAD07CD20187960005BAD6F /* FirstViewController.m */,
				BBAD07CF20187960005BAD6F /* SecondViewController.h */,
				BBAD07D020187960005BAD6F /* SecondViewController.m */,
				BBAD07D220187960005BAD6F /* Main.storyboard */,
				BBAD07D520187960005BAD6F /* Assets.xcassets */,
				BBAD07D720187961005BAD6F /* LaunchScreen.storyboard */,
				BBAD07DA20187961005BAD6F /* Info.plist */,
				BBAD07DB20187961005BAD6F /* main.m */,
			);
			path = ImmoviewerMADVentureDemo;
			sourceTree = "<group>";
		};
/* End PBXGroup section */

/* Begin PBXNativeTarget section */
		BBAD07C52018795F005BAD6F /* ImmoviewerMADVentureDemo */ = {
			isa = PBXNativeTarget;
			buildConfigurationList = BBAD07DF20187961005BAD6F /* Build configuration list for PBXNativeTarget "ImmoviewerMADVentureDemo" */;
			buildPhases = (
				BBAD07C22018795F005BAD6F /* Sources */,
				BBAD07C32018795F005BAD6F /* Frameworks */,
				BBAD07C42018795F005BAD6F /* Resources */,
			);
			buildRules = (
			);
			dependencies = (
			);
			name = ImmoviewerMADVentureDemo;
			productName = ImmoviewerMADVentureDemo;
			productReference = BBAD07C62018795F005BAD6F /* ImmoviewerMADVentureDemo.app */;
			productType = "com.apple.product-type.application";
		};
/* End PBXNativeTarget section */

/* Begin PBXProject section */
		BBAD07BE2018795E005BAD6F /* Project object */ = {
			isa = PBXProject;
			attributes = {
				LastUpgradeCheck = 0920;
				ORGANIZATIONNAME = QiuDong;
				TargetAttributes = {
					BBAD07C52018795F005BAD6F = {
						CreatedOnToolsVersion = 9.2;
						ProvisioningStyle = Automatic;
					};
				};
			};
			buildConfigurationList = BBAD07C12018795E005BAD6F /* Build configuration list for PBXProject "ImmoviewerMADVentureDemo" */;
			compatibilityVersion = "Xcode 8.0";
			developmentRegion = en;
			hasScannedForEncodings = 0;
			knownRegions = (
				en,
				Base,
			);
			mainGroup = BBAD07BD2018795E005BAD6F;
			productRefGroup = BBAD07C72018795F005BAD6F /* Products */;
			projectDirPath = "";
			projectRoot = "";
			targets = (
				BBAD07C52018795F005BAD6F /* ImmoviewerMADVentureDemo */,
			);
		};
/* End PBXProject section */

/* Begin PBXResourcesBuildPhase section */
		BBAD07C42018795F005BAD6F /* Resources */ = {
			isa = PBXResourcesBuildPhase;
			buildActionMask = 2147483647;
			files = (
				BBAD07D920187961005BAD6F /* LaunchScreen.storyboard in Resources */,
				BBAD07D620187960005BAD6F /* Assets.xcassets in Resources */,
				BBAD07D420187960005BAD6F /* Main.storyboard in Resources */,
			);
			runOnlyForDeploymentPostprocessing = 0;
		};
/* End PBXResourcesBuildPhase section */

/* Begin PBXSourcesBuildPhase section */
		BBAD07C22018795F005BAD6F /* Sources */ = {
			isa = PBXSourcesBuildPhase;
			buildActionMask = 2147483647;
			files = (
				BBAD07D120187960005BAD6F /* SecondViewController.m in Sources */,
				BBAD07CB20187960005BAD6F /* AppDelegate.m in Sources */,
				BBAD07DC20187961005BAD6F /* main.m in Sources */,
				BBAD07CE20187960005BAD6F /* FirstViewController.m in Sources */,
			);
			runOnlyForDeploymentPostprocessing = 0;
		};
/* End PBXSourcesBuildPhase section */

/* Begin PBXVariantGroup section */
		BBAD07D220187960005BAD6F /* Main.storyboard */ = {
			isa = PBXVariantGroup;
			children = (
				BBAD07D320187960005BAD6F /* Base */,
			);
			name = Main.storyboard;
			sourceTree = "<group>";
		};
		BBAD07D720187961005BAD6F /* LaunchScreen.storyboard */ = {
			isa = PBXVariantGroup;
			children = (
				BBAD07D820187961005BAD6F /* Base */,
			);
			name = LaunchScreen.storyboard;
			sourceTree = "<group>";
		};
/* End PBXVariantGroup section */

/* Begin XCBuildConfiguration section */
		BBAD07DD20187961005BAD6F /* Debug */ = {
			isa = XCBuildConfiguration;
			buildSettings = {
				ALWAYS_SEARCH_USER_PATHS = NO;
				CLANG_ANALYZER_NONNULL = YES;
				CLANG_ANALYZER_NUMBER_OBJECT_CONVERSION = YES_AGGRESSIVE;
				CLANG_CXX_LANGUAGE_STANDARD = "gnu++14";
				CLANG_CXX_LIBRARY = "libc++";
				CLANG_ENABLE_MODULES = YES;
				CLANG_ENABLE_OBJC_ARC = YES;
				CLANG_WARN_BLOCK_CAPTURE_AUTORELEASING = YES;
				CLANG_WARN_BOOL_CONVERSION = YES;
				CLANG_WARN_COMMA = YES;
				CLANG_WARN_CONSTANT_CONVERSION = YES;
				CLANG_WARN_DIRECT_OBJC_ISA_USAGE = YES_ERROR;
				CLANG_WARN_DOCUMENTATION_COMMENTS = YES;
				CLANG_WARN_EMPTY_BODY = YES;
				CLANG_WARN_ENUM_CONVERSION = YES;
				CLANG_WARN_INFINITE_RECURSION = YES;
				CLANG_WARN_INT_CONVERSION = YES;
				CLANG_WARN_NON_LITERAL_NULL_CONVERSION = YES;
				CLANG_WARN_OBJC_LITERAL_CONVERSION = YES;
				CLANG_WARN_OBJC_ROOT_CLASS = YES_ERROR;
				CLANG_WARN_RANGE_LOOP_ANALYSIS = YES;
				CLANG_WARN_STRICT_PROTOTYPES = YES;
				CLANG_WARN_SUSPICIOUS_MOVE = YES;
				CLANG_WARN_UNGUARDED_AVAILABILITY = YES_AGGRESSIVE;
				CLANG_WARN_UNREACHABLE_CODE = YES;
				CLANG_WARN__DUPLICATE_METHOD_MATCH = YES;
				CODE_SIGN_IDENTITY = "iPhone Developer";
				COPY_PHASE_STRIP = NO;
				DEBUG_INFORMATION_FORMAT = dwarf;
				ENABLE_STRICT_OBJC_MSGSEND = YES;
				ENABLE_TESTABILITY = YES;
				GCC_C_LANGUAGE_STANDARD = gnu11;
				GCC_DYNAMIC_NO_PIC = NO;
				GCC_NO_COMMON_BLOCKS = YES;
				GCC_OPTIMIZATION_LEVEL = 0;
				GCC_PREPROCESSOR_DEFINITIONS = (
					"DEBUG=1",
					"$(inherited)",
				);
				GCC_WARN_64_TO_32_BIT_CONVERSION = YES;
				GCC_WARN_ABOUT_RETURN_TYPE = YES_ERROR;
				GCC_WARN_UNDECLARED_SELECTOR = YES;
				GCC_WARN_UNINITIALIZED_AUTOS = YES_AGGRESSIVE;
				GCC_WARN_UNUSED_FUNCTION = YES;
				GCC_WARN_UNUSED_VARIABLE = YES;
				IPHONEOS_DEPLOYMENT_TARGET = 11.2;
				MTL_ENABLE_DEBUG_INFO = YES;
				ONLY_ACTIVE_ARCH = YES;
				SDKROOT = iphoneos;
			};
			name = Debug;
		};
		BBAD07DE20187961005BAD6F /* Release */ = {
			isa = XCBuildConfiguration;
			buildSettings = {
				ALWAYS_SEARCH_USER_PATHS = NO;
				CLANG_ANALYZER_NONNULL = YES;
				CLANG_ANALYZER_NUMBER_OBJECT_CONVERSION = YES_AGGRESSIVE;
				CLANG_CXX_LANGUAGE_STANDARD = "gnu++14";
				CLANG_CXX_LIBRARY = "libc++";
				CLANG_ENABLE_MODULES = YES;
				CLANG_ENABLE_OBJC_ARC = YES;
				CLANG_WARN_BLOCK_CAPTURE_AUTORELEASING = YES;
				CLANG_WARN_BOOL_CONVERSION = YES;
				CLANG_WARN_COMMA = YES;
				CLANG_WARN_CONSTANT_CONVERSION = YES;
				CLANG_WARN_DIRECT_OBJC_ISA_USAGE = YES_ERROR;
				CLANG_WARN_DOCUMENTATION_COMMENTS = YES;
				CLANG_WARN_EMPTY_BODY = YES;
				CLANG_WARN_ENUM_CONVERSION = YES;
				CLANG_WARN_INFINITE_RECURSION = YES;
				CLANG_WARN_INT_CONVERSION = YES;
				CLANG_WARN_NON_LITERAL_NULL_CONVERSION = YES;
				CLANG_WARN_OBJC_LITERAL_CONVERSION = YES;
				CLANG_WARN_OBJC_ROOT_CLASS = YES_ERROR;
				CLANG_WARN_RANGE_LOOP_ANALYSIS = YES;
				CLANG_WARN_STRICT_PROTOTYPES = YES;
				CLANG_WARN_SUSPICIOUS_MOVE = YES;
				CLANG_WARN_UNGUARDED_AVAILABILITY = YES_AGGRESSIVE;
				CLANG_WARN_UNREACHABLE_CODE = YES;
				CLANG_WARN__DUPLICATE_METHOD_MATCH = YES;
				CODE_SIGN_IDENTITY = "iPhone Developer";
				COPY_PHASE_STRIP = NO;
				DEBUG_INFORMATION_FORMAT = "dwarf-with-dsym";
				ENABLE_NS_ASSERTIONS = NO;
				ENABLE_STRICT_OBJC_MSGSEND = YES;
				GCC_C_LANGUAGE_STANDARD = gnu11;
				GCC_NO_COMMON_BLOCKS = YES;
				GCC_WARN_64_TO_32_BIT_CONVERSION = YES;
				GCC_WARN_ABOUT_RETURN_TYPE = YES_ERROR;
				GCC_WARN_UNDECLARED_SELECTOR = YES;
				GCC_WARN_UNINITIALIZED_AUTOS = YES_AGGRESSIVE;
				GCC_WARN_UNUSED_FUNCTION = YES;
				GCC_WARN_UNUSED_VARIABLE = YES;
				IPHONEOS_DEPLOYMENT_TARGET = 11.2;
				MTL_ENABLE_DEBUG_INFO = NO;
				SDKROOT = iphoneos;
				VALIDATE_PRODUCT = YES;
			};
			name = Release;
		};
		BBAD07E020187961005BAD6F /* Debug */ = {
			isa = XCBuildConfiguration;
			buildSettings = {
				ASSETCATALOG_COMPILER_APPICON_NAME = AppIcon;
				CODE_SIGN_STYLE = Automatic;
				DEVELOPMENT_TEAM = QBAB3CS86A;
				INFOPLIST_FILE = ImmoviewerMADVentureDemo/Info.plist;
				LD_RUNPATH_SEARCH_PATHS = "$(inherited) @executable_path/Frameworks";
				PRODUCT_BUNDLE_IDENTIFIER = com.madv360.ImmoviewerMADVentureDemo;
				PRODUCT_NAME = "$(TARGET_NAME)";
				TARGETED_DEVICE_FAMILY = "1,2";
			};
			name = Debug;
		};
		BBAD07E120187961005BAD6F /* Release */ = {
			isa = XCBuildConfiguration;
			buildSettings = {
				ASSETCATALOG_COMPILER_APPICON_NAME = AppIcon;
				CODE_SIGN_STYLE = Automatic;
				DEVELOPMENT_TEAM = QBAB3CS86A;
				INFOPLIST_FILE = ImmoviewerMADVentureDemo/Info.plist;
				LD_RUNPATH_SEARCH_PATHS = "$(inherited) @executable_path/Frameworks";
				PRODUCT_BUNDLE_IDENTIFIER = com.madv360.ImmoviewerMADVentureDemo;
				PRODUCT_NAME = "$(TARGET_NAME)";
				TARGETED_DEVICE_FAMILY = "1,2";
			};
			name = Release;
		};
/* End XCBuildConfiguration section */

/* Begin XCConfigurationList section */
		BBAD07C12018795E005BAD6F /* Build configuration list for PBXProject "ImmoviewerMADVentureDemo" */ = {
			isa = XCConfigurationList;
			buildConfigurations = (
				BBAD07DD20187961005BAD6F /* Debug */,
				BBAD07DE20187961005BAD6F /* Release */,
			);
			defaultConfigurationIsVisible = 0;
			defaultConfigurationName = Release;
		};
		BBAD07DF20187961005BAD6F /* Build configuration list for PBXNativeTarget "ImmoviewerMADVentureDemo" */ = {
			isa = XCConfigurationList;
			buildConfigurations = (
				BBAD07E020187961005BAD6F /* Debug */,
				BBAD07E120187961005BAD6F /* Release */,
			);
			defaultConfigurationIsVisible = 0;
			defaultConfigurationName = Release;
		};
/* End XCConfigurationList section */
	};
	rootObject = BBAD07BE2018795E005BAD6F /* Project object */;
}
